{
  "name": "yohe",
  "version": "1.0.2",
  "lockfileVersion": 1,
  "requires": true,
  "dependencies": {
    "commander": {
      "version": "2.11.0",
      "resolved": "http://registry.npm.taobao.org/commander/download/commander-2.11.0.tgz"
    },
    "fs-extra": {
      "version": "4.0.2",
      "resolved": "http://registry.npm.taobao.org/fs-extra/download/fs-extra-4.0.2.tgz",
      "requires": {
        "graceful-fs": "4.1.11",
        "jsonfile": "4.0.0",
        "universalify": "0.1.1"
      },
      "dependencies": {
        "graceful-fs": {
          "version": "4.1.11",
          "resolved": "http://registry.npm.taobao.org/graceful-fs/download/graceful-fs-4.1.11.tgz"
        },
        "jsonfile": {
          "version": "4.0.0",
          "resolved": "http://registry.npm.taobao.org/jsonfile/download/jsonfile-4.0.0.tgz",
          "requires": {
            "graceful-fs": "4.1.11"
          },
          "dependencies": {
            "graceful-fs": {
              "version": "4.1.11",
              "resolved": "http://registry.npm.taobao.org/graceful-fs/download/graceful-fs-4.1.11.tgz",
              "optional": true
            }
          }
        },
        "universalify": {
          "version": "0.1.1",
          "resolved": "http://registry.npm.taobao.org/universalify/download/universalify-0.1.1.tgz"
        }
      }
    },
    "moment": {
      "version": "2.18.1",
      "resolved": "http://registry.npm.taobao.org/moment/download/moment-2.18.1.tgz"
    }
  }
}
